#MicroXplorer Configuration settings - do not modify
Bdma.Request0=SAI4_A
Bdma.RequestsNb=1
Bdma.SAI4_A.0.Direction=DMA_PERIPH_TO_MEMORY
Bdma.SAI4_A.0.EventEnable=DISABLE
Bdma.SAI4_A.0.Instance=BDMA_Channel0
Bdma.SAI4_A.0.MemDataAlignment=DMA_MDATAALIGN_WORD
Bdma.SAI4_A.0.MemInc=DMA_MINC_ENABLE
Bdma.SAI4_A.0.Mode=DMA_CIRCULAR
Bdma.SAI4_A.0.PeriphDataAlignment=DMA_PDATAALIGN_WORD
Bdma.SAI4_A.0.PeriphInc=DMA_PINC_DISABLE
Bdma.SAI4_A.0.Polarity=HAL_DMAMUX_REQ_GEN_RISING
Bdma.SAI4_A.0.Priority=DMA_PRIORITY_HIGH
Bdma.SAI4_A.0.RequestNumber=1
Bdma.SAI4_A.0.RequestParameters=Instance,Direction,PeriphInc,MemInc,PeriphDataAlignment,MemDataAlignment,Mode,Priority,SignalID,Polarity,RequestNumber,SyncSignalID,SyncPolarity,SyncEnable,EventEnable,SyncRequestNumber
Bdma.SAI4_A.0.SignalID=NONE
Bdma.SAI4_A.0.SyncEnable=DISABLE
Bdma.SAI4_A.0.SyncPolarity=HAL_DMAMUX_SYNC_NO_EVENT
Bdma.SAI4_A.0.SyncRequestNumber=1
Bdma.SAI4_A.0.SyncSignalID=NONE
CAD.formats=[{"id"\:42,"cad_product"\:"KiCAD v6+","cad_family"\:"KiCAD"}]
CAD.pinconfig=Dual
CAD.provider=
CORTEX_M7.AccessPermission_S-Cortex_Memory_Protection_Unit_Region1_Settings_S=MPU_REGION_PRIV_RO
CORTEX_M7.BaseAddress_S-Cortex_Memory_Protection_Unit_Region1_Settings_S=0x08000000
CORTEX_M7.Enable_S-Cortex_Memory_Protection_Unit_Region1_Settings_S=MPU_REGION_ENABLE
CORTEX_M7.IPParameters=default_mode_Activation,Enable_S-Cortex_Memory_Protection_Unit_Region1_Settings_S,BaseAddress_S-Cortex_Memory_Protection_Unit_Region1_Settings_S,Size_S-Cortex_Memory_Protection_Unit_Region1_Settings_S,AccessPermission_S-Cortex_Memory_Protection_Unit_Region1_Settings_S,IsCacheable_S-Cortex_Memory_Protection_Unit_Region1_Settings_S
CORTEX_M7.IsCacheable_S-Cortex_Memory_Protection_Unit_Region1_Settings_S=MPU_ACCESS_CACHEABLE
CORTEX_M7.Size_S-Cortex_Memory_Protection_Unit_Region1_Settings_S=MPU_REGION_SIZE_1MB
CORTEX_M7.default_mode_Activation=1
Dma.Request0=SAI1_A
Dma.Request1=SPDIF_RX_DT
Dma.RequestsNb=2
Dma.SAI1_A.0.Direction=DMA_MEMORY_TO_PERIPH
Dma.SAI1_A.0.EventEnable=DISABLE
Dma.SAI1_A.0.FIFOMode=DMA_FIFOMODE_DISABLE
Dma.SAI1_A.0.Instance=DMA1_Stream0
Dma.SAI1_A.0.MemDataAlignment=DMA_MDATAALIGN_WORD
Dma.SAI1_A.0.MemInc=DMA_MINC_ENABLE
Dma.SAI1_A.0.Mode=DMA_CIRCULAR
Dma.SAI1_A.0.PeriphDataAlignment=DMA_PDATAALIGN_WORD
Dma.SAI1_A.0.PeriphInc=DMA_PINC_DISABLE
Dma.SAI1_A.0.Polarity=HAL_DMAMUX_REQ_GEN_RISING
Dma.SAI1_A.0.Priority=DMA_PRIORITY_HIGH
Dma.SAI1_A.0.RequestNumber=1
Dma.SAI1_A.0.RequestParameters=Instance,Direction,PeriphInc,MemInc,PeriphDataAlignment,MemDataAlignment,Mode,Priority,FIFOMode,SignalID,Polarity,RequestNumber,SyncSignalID,SyncPolarity,SyncEnable,EventEnable,SyncRequestNumber
Dma.SAI1_A.0.SignalID=NONE
Dma.SAI1_A.0.SyncEnable=DISABLE
Dma.SAI1_A.0.SyncPolarity=HAL_DMAMUX_SYNC_NO_EVENT
Dma.SAI1_A.0.SyncRequestNumber=1
Dma.SAI1_A.0.SyncSignalID=NONE
Dma.SPDIF_RX_DT.1.Direction=DMA_PERIPH_TO_MEMORY
Dma.SPDIF_RX_DT.1.EventEnable=DISABLE
Dma.SPDIF_RX_DT.1.FIFOMode=DMA_FIFOMODE_DISABLE
Dma.SPDIF_RX_DT.1.Instance=DMA1_Stream1
Dma.SPDIF_RX_DT.1.MemDataAlignment=DMA_MDATAALIGN_WORD
Dma.SPDIF_RX_DT.1.MemInc=DMA_MINC_ENABLE
Dma.SPDIF_RX_DT.1.Mode=DMA_CIRCULAR
Dma.SPDIF_RX_DT.1.PeriphDataAlignment=DMA_PDATAALIGN_WORD
Dma.SPDIF_RX_DT.1.PeriphInc=DMA_PINC_DISABLE
Dma.SPDIF_RX_DT.1.Polarity=HAL_DMAMUX_REQ_GEN_RISING
Dma.SPDIF_RX_DT.1.Priority=DMA_PRIORITY_HIGH
Dma.SPDIF_RX_DT.1.RequestNumber=1
Dma.SPDIF_RX_DT.1.RequestParameters=Instance,Direction,PeriphInc,MemInc,PeriphDataAlignment,MemDataAlignment,Mode,Priority,FIFOMode,SignalID,Polarity,RequestNumber,SyncSignalID,SyncPolarity,SyncEnable,EventEnable,SyncRequestNumber
Dma.SPDIF_RX_DT.1.SignalID=NONE
Dma.SPDIF_RX_DT.1.SyncEnable=DISABLE
Dma.SPDIF_RX_DT.1.SyncPolarity=HAL_DMAMUX_SYNC_NO_EVENT
Dma.SPDIF_RX_DT.1.SyncRequestNumber=1
Dma.SPDIF_RX_DT.1.SyncSignalID=NONE
File.Version=6
GPIO.groupedBy=Group By Peripherals
KeepUserPlacement=false
MMTAppReg1.MEMORYMAP.AppRegionName=DTCMRAM
MMTAppReg1.MEMORYMAP.ContextName=Cortex-M7NS
MMTAppReg1.MEMORYMAP.CoreName=Arm Cortex-M7
MMTAppReg1.MEMORYMAP.IPParameters=StartAddress,Size,CoreName,ContextName,Name
MMTAppReg1.MEMORYMAP.Name=DTCMRAM
MMTAppReg1.MEMORYMAP.Size=131072
MMTAppReg1.MEMORYMAP.StartAddress=0x20000000
MMTAppReg2.MEMORYMAP.AppRegionName=RAM
MMTAppReg2.MEMORYMAP.ContextName=Cortex-M7NS
MMTAppReg2.MEMORYMAP.CoreName=Arm Cortex-M7
MMTAppReg2.MEMORYMAP.DefaultDataRegion=true
MMTAppReg2.MEMORYMAP.IPParameters=StartAddress,Size,CoreName,ContextName,Name,DefaultDataRegion
MMTAppReg2.MEMORYMAP.Name=RAM
MMTAppReg2.MEMORYMAP.Size=131072
MMTAppReg2.MEMORYMAP.StartAddress=0x24000000
MMTAppReg3.MEMORYMAP.AppRegionName=RAM_D2
MMTAppReg3.MEMORYMAP.ContextName=Cortex-M7NS
MMTAppReg3.MEMORYMAP.CoreName=Arm Cortex-M7
MMTAppReg3.MEMORYMAP.IPParameters=StartAddress,Size,CoreName,ContextName,Name
MMTAppReg3.MEMORYMAP.Name=RAM_D2
MMTAppReg3.MEMORYMAP.Size=32768
MMTAppReg3.MEMORYMAP.StartAddress=0x30000000
MMTAppReg4.MEMORYMAP.AppRegionName=RAM_D3
MMTAppReg4.MEMORYMAP.ContextName=Cortex-M7NS
MMTAppReg4.MEMORYMAP.CoreName=Arm Cortex-M7
MMTAppReg4.MEMORYMAP.IPParameters=StartAddress,Size,CoreName,ContextName,Name
MMTAppReg4.MEMORYMAP.Name=RAM_D3
MMTAppReg4.MEMORYMAP.Size=16384
MMTAppReg4.MEMORYMAP.StartAddress=0x38000000
MMTAppReg5.MEMORYMAP.AppRegionName=ITCMRAM
MMTAppReg5.MEMORYMAP.Cacheability=WTRA
MMTAppReg5.MEMORYMAP.ContextName=Cortex-M7NS
MMTAppReg5.MEMORYMAP.CoreName=Arm Cortex-M7
MMTAppReg5.MEMORYMAP.IPParameters=StartAddress,Size,CoreName,ContextName,Name,Cacheability
MMTAppReg5.MEMORYMAP.Name=ITCMRAM
MMTAppReg5.MEMORYMAP.Size=65536
MMTAppReg5.MEMORYMAP.StartAddress=0x00000000
MMTAppReg6.MEMORYMAP.AP=RO_priv_only
MMTAppReg6.MEMORYMAP.AppRegionName=FLASH
MMTAppReg6.MEMORYMAP.Cacheability=WTRA
MMTAppReg6.MEMORYMAP.ContextName=Cortex-M7NS
MMTAppReg6.MEMORYMAP.CoreName=Arm Cortex-M7
MMTAppReg6.MEMORYMAP.DefaultCodeRegion=true
MMTAppReg6.MEMORYMAP.IPParameters=StartAddress,Size,CoreName,MemType,ContextName,Name,AP,Cacheability,DefaultCodeRegion,ISRRegion,RootBootRegion
MMTAppReg6.MEMORYMAP.ISRRegion=true
MMTAppReg6.MEMORYMAP.MemType=ROM
MMTAppReg6.MEMORYMAP.Name=FLASH
MMTAppReg6.MEMORYMAP.RootBootRegion=true
MMTAppReg6.MEMORYMAP.Size=1048576
MMTAppReg6.MEMORYMAP.StartAddress=0x08000000
MMTAppRegionsCount=6
MMTConfigApplied=true
MMTProjectManagerApplied=true
Mcu.CPN=STM32H723VGT6
Mcu.Family=STM32H7
Mcu.IP0=BDMA
Mcu.IP1=CORTEX_M7
Mcu.IP10=SYS
Mcu.IP11=TIM6
Mcu.IP2=DEBUG
Mcu.IP3=DMA
Mcu.IP4=MEMORYMAP
Mcu.IP5=NVIC
Mcu.IP6=RCC
Mcu.IP7=SAI1
Mcu.IP8=SAI4
Mcu.IP9=SPDIFRX1
Mcu.IPNb=12
Mcu.Name=STM32H723VGTx
Mcu.Package=LQFP100
Mcu.Pin0=PE3
Mcu.Pin1=PE4
Mcu.Pin10=PA1
Mcu.Pin11=PA3
Mcu.Pin12=PA7
Mcu.Pin13=PC5
Mcu.Pin14=PA13(JTMS/SWDIO)
Mcu.Pin15=PA14(JTCK/SWCLK)
Mcu.Pin16=PD7
Mcu.Pin17=VP_SAI4_VP_$IpInstance_SAIA_SAI_BASIC
Mcu.Pin18=VP_SYS_VS_Systick
Mcu.Pin19=VP_TIM6_VS_ClockSourceINT
Mcu.Pin2=PE5
Mcu.Pin20=VP_MEMORYMAP_VS_MEMORYMAP
Mcu.Pin3=PE6
Mcu.Pin4=PC14-OSC32_IN
Mcu.Pin5=PC15-OSC32_OUT
Mcu.Pin6=PH0-OSC_IN
Mcu.Pin7=PH1-OSC_OUT
Mcu.Pin8=PC1
Mcu.Pin9=PC3_C
Mcu.PinsNb=21
Mcu.ThirdPartyNb=0
Mcu.UserConstants=
Mcu.UserName=STM32H723VGTx
MxCube.Version=6.12.1
MxDb.Version=DB.6.0.121
NVIC.BDMA_Channel0_IRQn=true\:0\:0\:false\:false\:true\:false\:true\:true
NVIC.BusFault_IRQn=true\:0\:0\:false\:false\:true\:false\:false\:false
NVIC.DMA1_Stream0_IRQn=true\:0\:0\:false\:false\:true\:false\:true\:true
NVIC.DMA1_Stream1_IRQn=true\:0\:0\:false\:false\:true\:false\:true\:true
NVIC.DebugMonitor_IRQn=true\:0\:0\:false\:false\:true\:false\:false\:false
NVIC.ForceEnableDMAVector=true
NVIC.HardFault_IRQn=true\:0\:0\:false\:false\:true\:false\:false\:false
NVIC.MemoryManagement_IRQn=true\:0\:0\:false\:false\:true\:false\:false\:false
NVIC.NonMaskableInt_IRQn=true\:0\:0\:false\:false\:true\:false\:false\:false
NVIC.PendSV_IRQn=true\:0\:0\:false\:false\:true\:false\:false\:false
NVIC.PriorityGroup=NVIC_PRIORITYGROUP_4
NVIC.SVCall_IRQn=true\:0\:0\:false\:false\:true\:false\:false\:false
NVIC.SysTick_IRQn=true\:15\:0\:false\:false\:true\:false\:true\:false
NVIC.TIM6_DAC_IRQn=true\:0\:0\:false\:false\:true\:true\:true\:true
NVIC.UsageFault_IRQn=true\:0\:0\:false\:false\:true\:false\:false\:false
PA1.GPIOParameters=GPIO_Label
PA1.GPIO_Label=UNLOCK
PA1.Locked=true
PA1.Signal=GPIO_Input
PA13(JTMS/SWDIO).Mode=Serial_Wire
PA13(JTMS/SWDIO).Signal=DEBUG_JTMS-SWDIO
PA14(JTCK/SWCLK).Mode=Serial_Wire
PA14(JTCK/SWCLK).Signal=DEBUG_JTCK-SWCLK
PA3.GPIOParameters=GPIO_Label
PA3.GPIO_Label=NO_AUDIO
PA3.Locked=true
PA3.Signal=GPIO_Input
PA7.GPIOParameters=GPIO_Label
PA7.GPIO_Label=GEN_FLAG
PA7.Locked=true
PA7.Signal=GPIO_Input
PC1.GPIOParameters=GPIO_Speed
PC1.GPIO_Speed=GPIO_SPEED_FREQ_VERY_HIGH
PC1.Mode=SAI_A_AsyncSlave
PC1.Signal=SAI4_SD_A
PC14-OSC32_IN.Mode=LSE-External-Oscillator
PC14-OSC32_IN.Signal=RCC_OSC32_IN
PC15-OSC32_OUT.Mode=LSE-External-Oscillator
PC15-OSC32_OUT.Signal=RCC_OSC32_OUT
PC3_C.GPIOParameters=GPIO_Label
PC3_C.GPIO_Label=WM8805_RESET
PC3_C.Locked=true
PC3_C.Signal=GPIO_Output
PC5.GPIOParameters=GPIO_Label
PC5.GPIO_Label=TRANS_ERR
PC5.Locked=true
PC5.Signal=GPIO_Input
PD7.GPIOParameters=GPIO_Speed
PD7.GPIO_Speed=GPIO_SPEED_FREQ_VERY_HIGH
PD7.Mode=IN0
PD7.Signal=SPDIFRX1_IN0
PE3.GPIOParameters=GPIO_Label
PE3.GPIO_Label=LED
PE3.Locked=true
PE3.Signal=GPIO_Output
PE4.GPIOParameters=GPIO_Speed
PE4.GPIO_Speed=GPIO_SPEED_FREQ_VERY_HIGH
PE4.Mode=SAI_A_AsyncSlave
PE4.Signal=SAI4_FS_A
PE5.GPIOParameters=GPIO_Speed
PE5.GPIO_Speed=GPIO_SPEED_FREQ_VERY_HIGH
PE5.Mode=SAI_A_AsyncSlave
PE5.Signal=SAI4_SCK_A
PE6.GPIOParameters=GPIO_Speed
PE6.GPIO_Speed=GPIO_SPEED_FREQ_VERY_HIGH
PE6.Mode=SAI_A_SPDIF
PE6.Signal=SAI1_SD_A
PH0-OSC_IN.Mode=HSE-External-Oscillator
PH0-OSC_IN.Signal=RCC_OSC_IN
PH1-OSC_OUT.Mode=HSE-External-Oscillator
PH1-OSC_OUT.Signal=RCC_OSC_OUT
PinOutPanel.RotationAngle=0
ProjectManager.AskForMigrate=true
ProjectManager.BackupPrevious=false
ProjectManager.CompilerOptimize=6
ProjectManager.ComputerToolchain=false
ProjectManager.CoupleFile=false
ProjectManager.CustomerFirmwarePackage=
ProjectManager.DefaultFWLocation=true
ProjectManager.DeletePrevious=true
ProjectManager.DeviceId=STM32H723VGTx
ProjectManager.FirmwarePackage=STM32Cube FW_H7 V1.11.2
ProjectManager.FreePins=false
ProjectManager.HalAssertFull=false
ProjectManager.HeapSize=0x200
ProjectManager.KeepUserCode=true
ProjectManager.LastFirmware=true
ProjectManager.LibraryCopy=1
ProjectManager.MainLocation=Core/Src
ProjectManager.NoMain=false
ProjectManager.PreviousToolchain=
ProjectManager.ProjectBuild=false
ProjectManager.ProjectFileName=SPDIF_MIXER.ioc
ProjectManager.ProjectName=SPDIF_MIXER
ProjectManager.ProjectStructure=
ProjectManager.RegisterCallBack=SAI,SPDIFRX,TIM
ProjectManager.StackSize=0x400
ProjectManager.TargetToolchain=STM32CubeIDE
ProjectManager.ToolChainLocation=
ProjectManager.UAScriptAfterPath=c2cpp.bat
ProjectManager.UAScriptBeforePath=cpp2c.bat
ProjectManager.UnderRoot=true
ProjectManager.functionlistsort=1-SystemClock_Config-RCC-false-HAL-false,2-MX_GPIO_Init-GPIO-false-HAL-true,3-MX_DMA_Init-DMA-false-HAL-true,4-MX_BDMA_Init-BDMA-false-HAL-true,5-MX_SAI1_Init-SAI1-false-HAL-true,6-MX_SAI4_Init-SAI4-false-HAL-true,7-MX_SPDIFRX1_Init-SPDIFRX1-false-HAL-true,8-MX_TIM6_Init-TIM6-false-HAL-true,0-MX_CORTEX_M7_Init-CORTEX_M7-false-HAL-true
RCC.ADCFreq_Value=74000000
RCC.AHB12Freq_Value=250000000
RCC.AHB4Freq_Value=250000000
RCC.APB1Freq_Value=125000000
RCC.APB2Freq_Value=125000000
RCC.APB3Freq_Value=125000000
RCC.APB4Freq_Value=125000000
RCC.AXIClockFreq_Value=250000000
RCC.CECFreq_Value=32000
RCC.CKPERFreq_Value=64000000
RCC.CortexFreq_Value=500000000
RCC.CpuClockFreq_Value=500000000
RCC.D1CPREFreq_Value=500000000
RCC.D1PPRE=RCC_APB3_DIV2
RCC.D2PPRE1=RCC_APB1_DIV2
RCC.D2PPRE2=RCC_APB2_DIV2
RCC.D3PPRE=RCC_APB4_DIV2
RCC.DFSDMACLkFreq_Value=74000000
RCC.DFSDMFreq_Value=125000000
RCC.DIVM1=2
RCC.DIVM2=25
RCC.DIVM3=25
RCC.DIVN1=40
RCC.DIVN2=296
RCC.DIVN3=166
RCC.DIVP1=1
RCC.DIVP1Freq_Value=500000000
RCC.DIVP2=4
RCC.DIVP2Freq_Value=74000000
RCC.DIVP3=1
RCC.DIVP3Freq_Value=166000000
RCC.DIVQ1Freq_Value=250000000
RCC.DIVQ2Freq_Value=148000000
RCC.DIVQ3Freq_Value=83000000
RCC.DIVR1Freq_Value=250000000
RCC.DIVR2Freq_Value=148000000
RCC.DIVR3Freq_Value=83000000
RCC.FDCANFreq_Value=250000000
RCC.FMCFreq_Value=250000000
RCC.FamilyName=M
RCC.HCLK3ClockFreq_Value=250000000
RCC.HCLKFreq_Value=250000000
RCC.HPRE=RCC_HCLK_DIV2
RCC.I2C123Freq_Value=125000000
RCC.I2C4Freq_Value=125000000
RCC.IPParameters=ADCFreq_Value,AHB12Freq_Value,AHB4Freq_Value,APB1Freq_Value,APB2Freq_Value,APB3Freq_Value,APB4Freq_Value,AXIClockFreq_Value,CECFreq_Value,CKPERFreq_Value,CortexFreq_Value,CpuClockFreq_Value,D1CPREFreq_Value,D1PPRE,D2PPRE1,D2PPRE2,D3PPRE,DFSDMACLkFreq_Value,DFSDMFreq_Value,DIVM1,DIVM2,DIVM3,DIVN1,DIVN2,DIVN3,DIVP1,DIVP1Freq_Value,DIVP2,DIVP2Freq_Value,DIVP3,DIVP3Freq_Value,DIVQ1Freq_Value,DIVQ2Freq_Value,DIVQ3Freq_Value,DIVR1Freq_Value,DIVR2Freq_Value,DIVR3Freq_Value,FDCANFreq_Value,FMCFreq_Value,FamilyName,HCLK3ClockFreq_Value,HCLKFreq_Value,HPRE,I2C123Freq_Value,I2C4Freq_Value,LPTIM1Freq_Value,LPTIM2Freq_Value,LPTIM345Freq_Value,LPUART1Freq_Value,LTDCFreq_Value,MCO1PinFreq_Value,MCO2PinFreq_Value,PLL2FRACN,PLLSourceVirtual,QSPIFreq_Value,RNGFreq_Value,RTCFreq_Value,SAI1CLockSelection,SAI1Freq_Value,SAI4ACLockSelection,SAI4AFreq_Value,SAI4BFreq_Value,SDMMCFreq_Value,SPDIFRXFreq_Value,SPI123Freq_Value,SPI45Freq_Value,SPI6Freq_Value,SWPMI1Freq_Value,SYSCLKFreq_VALUE,SYSCLKSource,Tim1OutputFreq_Value,Tim2OutputFreq_Value,TraceFreq_Value,USART16Freq_Value,USART234578Freq_Value,USBFreq_Value,VCO1OutputFreq_Value,VCO2OutputFreq_Value,VCO3OutputFreq_Value,VCOInput1Freq_Value,VCOInput2Freq_Value,VCOInput3Freq_Value
RCC.LPTIM1Freq_Value=125000000
RCC.LPTIM2Freq_Value=125000000
RCC.LPTIM345Freq_Value=125000000
RCC.LPUART1Freq_Value=125000000
RCC.LTDCFreq_Value=83000000
RCC.MCO1PinFreq_Value=64000000
RCC.MCO2PinFreq_Value=500000000
RCC.PLL2FRACN=0
RCC.PLLSourceVirtual=RCC_PLLSOURCE_HSE
RCC.QSPIFreq_Value=250000000
RCC.RNGFreq_Value=48000000
RCC.RTCFreq_Value=32000
RCC.SAI1CLockSelection=RCC_SAI1CLKSOURCE_PLL2
RCC.SAI1Freq_Value=74000000
RCC.SAI4ACLockSelection=RCC_SAI4ACLKSOURCE_PLL3
RCC.SAI4AFreq_Value=166000000
RCC.SAI4BFreq_Value=250000000
RCC.SDMMCFreq_Value=250000000
RCC.SPDIFRXFreq_Value=250000000
RCC.SPI123Freq_Value=250000000
RCC.SPI45Freq_Value=125000000
RCC.SPI6Freq_Value=125000000
RCC.SWPMI1Freq_Value=125000000
RCC.SYSCLKFreq_VALUE=500000000
RCC.SYSCLKSource=RCC_SYSCLKSOURCE_PLLCLK
RCC.Tim1OutputFreq_Value=250000000
RCC.Tim2OutputFreq_Value=250000000
RCC.TraceFreq_Value=250000000
RCC.USART16Freq_Value=125000000
RCC.USART234578Freq_Value=125000000
RCC.USBFreq_Value=250000000
RCC.VCO1OutputFreq_Value=500000000
RCC.VCO2OutputFreq_Value=296000000
RCC.VCO3OutputFreq_Value=166000000
RCC.VCOInput1Freq_Value=12500000
RCC.VCOInput2Freq_Value=1000000
RCC.VCOInput3Freq_Value=1000000
SAI1.FIFOThreshold-SAI_A_SPDIF=SAI_FIFOTHRESHOLD_EMPTY
SAI1.IPParameters=Instance-SAI_A_SPDIF,VirtualMode-SAI_A_SPDIF,RealAudioFreq-SAI_A_SPDIF,FIFOThreshold-SAI_A_SPDIF
SAI1.Instance-SAI_A_SPDIF=SAI$Index_Block_A
SAI1.RealAudioFreq-SAI_A_SPDIF=1.15625 MHz
SAI1.VirtualMode-SAI_A_SPDIF=VM_SPDIF
SAI4.BasicDataSize-SAI_A_AsyncSlave=SAI_PROTOCOL_DATASIZE_32BIT
SAI4.IPParameters=Instance-SAI_A_AsyncSlave,VirtualMode-SAI_A_AsyncSlave,InitProtocol-SAI_A_AsyncSlave,VirtualProtocol-SAI_A_BASIC,BasicDataSize-SAI_A_AsyncSlave
SAI4.InitProtocol-SAI_A_AsyncSlave=Enable
SAI4.Instance-SAI_A_AsyncSlave=SAI$Index_Block_A
SAI4.VirtualMode-SAI_A_AsyncSlave=VM_SLAVE
SAI4.VirtualProtocol-SAI_A_BASIC=VM_BASIC_PROTOCOL
SPDIFRX1.IPParameters=StereoMode,WaitForActivity
SPDIFRX1.StereoMode=SPDIFRX_STEREOMODE_ENABLE
SPDIFRX1.WaitForActivity=SPDIFRX_WAITFORACTIVITY_ON
TIM6.AutoReloadPreload=TIM_AUTORELOAD_PRELOAD_ENABLE
TIM6.IPParameters=Prescaler,Period,AutoReloadPreload
TIM6.Period=1000-1
TIM6.Prescaler=25000-1
VP_MEMORYMAP_VS_MEMORYMAP.Mode=CurAppReg
VP_MEMORYMAP_VS_MEMORYMAP.Signal=MEMORYMAP_VS_MEMORYMAP
VP_SAI4_VP_$IpInstance_SAIA_SAI_BASIC.Mode=SAI_A_BASIC
VP_SAI4_VP_$IpInstance_SAIA_SAI_BASIC.Signal=SAI4_VP_$IpInstance_SAIA_SAI_BASIC
VP_SYS_VS_Systick.Mode=SysTick
VP_SYS_VS_Systick.Signal=SYS_VS_Systick
VP_TIM6_VS_ClockSourceINT.Mode=Enable_Timer
VP_TIM6_VS_ClockSourceINT.Signal=TIM6_VS_ClockSourceINT
board=custom
isbadioc=false
